
Microsoft Visual Studio Solution File, Format Version 12.00
# Visual Studio Version 16
VisualStudioVersion = 16.0.30711.63
MinimumVisualStudioVersion = 10.0.40219.1
Project("{9A19103F-16F7-4668-BE54-9A1E7A4F7556}") = "XRedisTest", "XRedisTest\XRedisTest.csproj", "{BB345ECB-4560-4EE6-91D6-467F64544053}"
EndProject
Project("{9A19103F-16F7-4668-BE54-9A1E7A4F7556}") = "RedisClient", "RedisClient\RedisClient.csproj", "{109BECDD-BA85-44F7-A1EB-E2188DE6255D}"
EndProject
Global
	GlobalSection(SolutionConfigurationPlatforms) = preSolution
		Debug|Any CPU = Debug|Any CPU
		Release|Any CPU = Release|Any CPU
	EndGlobalSection
	GlobalSection(ProjectConfigurationPlatforms) = postSolution
		{BB345ECB-4560-4EE6-91D6-467F64544053}.Debug|Any CPU.ActiveCfg = Debug|Any CPU
		{BB345ECB-4560-4EE6-91D6-467F64544053}.Debug|Any CPU.Build.0 = Debug|Any CPU
		{BB345ECB-4560-4EE6-91D6-467F64544053}.Release|Any CPU.ActiveCfg = Release|Any CPU
		{BB345ECB-4560-4EE6-91D6-467F64544053}.Release|Any CPU.Build.0 = Release|Any CPU
		{109BECDD-BA85-44F7-A1EB-E2188DE6255D}.Debug|Any CPU.ActiveCfg = Debug|Any CPU
		{109BECDD-BA85-44F7-A1EB-E2188DE6255D}.Debug|Any CPU.Build.0 = Debug|Any CPU
		{109BECDD-BA85-44F7-A1EB-E2188DE6255D}.Release|Any CPU.ActiveCfg = Release|Any CPU
		{109BECDD-BA85-44F7-A1EB-E2188DE6255D}.Release|Any CPU.Build.0 = Release|Any CPU
	EndGlobalSection
	GlobalSection(SolutionProperties) = preSolution
		HideSolutionNode = FALSE
	EndGlobalSection
	GlobalSection(ExtensibilityGlobals) = postSolution
		SolutionGuid = {65BDD4BE-5C32-463E-80B8-682DD8475384}
	EndGlobalSection
EndGlobal
